
Microsoft Visual Studio Solution File, Format Version 12.00
# Visual Studio Version 16
VisualStudioVersion = 16.0.30309.148
MinimumVisualStudioVersion = 10.0.40219.1
Project("{FAE04EC0-301F-11D3-BF4B-00C04F79EFBC}") = "WebApi", "WebApi\WebApi.csproj", "{3D99F0AA-8262-4DFE-9478-5179D154F77D}"
EndProject
Global
	GlobalSection(SolutionConfigurationPlatforms) = preSolution
		Debug|Any CPU = Debug|Any CPU
		Release|Any CPU = Release|Any CPU
	EndGlobalSection
	GlobalSection(ProjectConfigurationPlatforms) = postSolution
		{3D99F0AA-8262-4DFE-9478-5179D154F77D}.Debug|Any CPU.ActiveCfg = Debug|Any CPU
		{3D99F0AA-8262-4DFE-9478-5179D154F77D}.Debug|Any CPU.Build.0 = Debug|Any CPU
		{3D99F0AA-8262-4DFE-9478-5179D154F77D}.Release|Any CPU.ActiveCfg = Release|Any CPU
		{3D99F0AA-8262-4DFE-9478-5179D154F77D}.Release|Any CPU.Build.0 = Release|Any CPU
	EndGlobalSection
	GlobalSection(SolutionProperties) = preSolution
		HideSolutionNode = FALSE
	EndGlobalSection
	GlobalSection(ExtensibilityGlobals) = postSolution
		SolutionGuid = {77D03DBF-88F4-4AAF-AABF-F0C519A5C53D}
	EndGlobalSection
EndGlobal
